
Microsoft Visual Studio Solution File, Format Version 12.00
# Visual Studio Version 16
VisualStudioVersion = 16.0.33328.57
MinimumVisualStudioVersion = 10.0.40219.1
Project("{8BC9CEB8-8B4A-11D0-8D11-00A0C91BC942}") = "ejercicio-1", "ejercicio-1.vcxproj", "{C8117318-2EA0-4856-B860-EBE400DB8D6E}"
EndProject
Global
	GlobalSection(SolutionConfigurationPlatforms) = preSolution
		Debug|x64 = Debug|x64
		Debug|x86 = Debug|x86
		Release|x64 = Release|x64
		Release|x86 = Release|x86
	EndGlobalSection
	GlobalSection(ProjectConfigurationPlatforms) = postSolution
		{C8117318-2EA0-4856-B860-EBE400DB8D6E}.Debug|x64.ActiveCfg = Debug|x64
		{C8117318-2EA0-4856-B860-EBE400DB8D6E}.Debug|x64.Build.0 = Debug|x64
		{C8117318-2EA0-4856-B860-EBE400DB8D6E}.Debug|x86.ActiveCfg = Debug|Win32
		{C8117318-2EA0-4856-B860-EBE400DB8D6E}.Debug|x86.Build.0 = Debug|Win32
		{C8117318-2EA0-4856-B860-EBE400DB8D6E}.Release|x64.ActiveCfg = Release|x64
		{C8117318-2EA0-4856-B860-EBE400DB8D6E}.Release|x64.Build.0 = Release|x64
		{C8117318-2EA0-4856-B860-EBE400DB8D6E}.Release|x86.ActiveCfg = Release|Win32
		{C8117318-2EA0-4856-B860-EBE400DB8D6E}.Release|x86.Build.0 = Release|Win32
	EndGlobalSection
	GlobalSection(SolutionProperties) = preSolution
		HideSolutionNode = FALSE
	EndGlobalSection
	GlobalSection(ExtensibilityGlobals) = postSolution
		SolutionGuid = {4CBC093A-0603-4ECF-9F15-E5116D0B8836}
	EndGlobalSection
EndGlobal
